PODS:
  - Charts (3.5.0):
    - Charts/Core (= 3.5.0)
  - Charts/Core (3.5.0)
  - Crashlytics (3.14.0):
    - Fabric (~> 1.10.2)
  - Fabric (1.10.2)
  - GoogleMaps (2.7.0):
    - GoogleMaps/Maps (= 2.7.0)
  - GoogleMaps/Base (2.7.0)
  - GoogleMaps/Maps (2.7.0):
    - GoogleMaps/Base
  - GooglePlaces (2.7.0):
    - GoogleMaps/Base (= 2.7.0)
  - GRDB.swift (3.7.0)
  - IQKeyboardManagerSwift (6.5.5)
  - JTAppleCalendar (7.1.7)
  - Zip (0.8.0)

DEPENDENCIES:
  - Charts (from `https://github.com/danielgindi/Charts.git`, branch `master`)
  - Crashlytics
  - Fabric
  - GoogleMaps
  - GooglePlaces
  - GRDB.swift
  - IQKeyboardManagerSwift
  - JTAppleCalendar
  - Zip (~> 0.7)

SPEC REPOS:
  trunk:
    - Crashlytics
    - Fabric
    - GoogleMaps
    - GooglePlaces
    - GRDB.swift
    - IQKeyboardManagerSwift
    - JTAppleCalendar
    - Zip

EXTERNAL SOURCES:
  Charts:
    :branch: master
    :git: https://github.com/danielgindi/Charts.git

CHECKOUT OPTIONS:
  Charts:
    :commit: 7ac4a05e83d279bac305a472af9128c2a0eca3d7
    :git: https://github.com/danielgindi/Charts.git

SPEC CHECKSUMS:
  Charts: 40a08591df1f8ad5c223ddedfb1a06da92f24f7c
  Crashlytics: 540b7e5f5da5a042647227a5e3ac51d85eed06df
  Fabric: 706c8b8098fff96c33c0db69cbf81f9c551d0d74
  GoogleMaps: f79af95cb24d869457b1f961c93d3ce8b2f3b848
  GooglePlaces: 3d06e6c99654545b4738ce49648745779c25f2ef
  GRDB.swift: 51cc9e57ae8ff7083a9d674c97925aa1de06aac5
  IQKeyboardManagerSwift: 0fb93310284665245591f50f7a5e38de615960b7
  JTAppleCalendar: 96da4d8388fa6dc82d6a60d41ef36a015e167e2f
  Zip: bb7d8370de00e50699633d91e03f2ec84f1ee437

PODFILE CHECKSUM: cfdb391d5ad54f10500d137cd01b1bc6bcad423c

COCOAPODS: 1.9.1
